// !$*UTF8*$!
{
	archiveVersion = 1;
	classes = {
	};
	objectVersion = 46;
	objects = {

/* Begin PBXBuildFile section */
		E207FBE21CB25B6000D3120E /* AppDelegate.swift in Sources */ = {isa = PBXBuildFile; fileRef = E207FBE11CB25B6000D3120E /* AppDelegate.swift */; };
		E207FBE41CB25B6000D3120E /* FirstViewController.swift in Sources */ = {isa = PBXBuildFile; fileRef = E207FBE31CB25B6000D3120E /* FirstViewController.swift */; };
		E207FBE71CB25B6000D3120E /* Main.storyboard in Resources */ = {isa = PBXBuildFile; fileRef = E207FBE51CB25B6000D3120E /* Main.storyboard */; };
		E207FBE91CB25B6000D3120E /* Assets.xcassets in Resources */ = {isa = PBXBuildFile; fileRef = E207FBE81CB25B6000D3120E /* Assets.xcassets */; };
		E207FBEC1CB25B6000D3120E /* LaunchScreen.storyboard in Resources */ = {isa = PBXBuildFile; fileRef = E207FBEA1CB25B6000D3120E /* LaunchScreen.storyboard */; };
		E207FBF41CB25B8F00D3120E /* SecondViewController.swift in Sources */ = {isa = PBXBuildFile; fileRef = E207FBF31CB25B8F00D3120E /* SecondViewController.swift */; };
/* End PBXBuildFile section */

/* Begin PBXFileReference section */
		E207FBDE1CB25B6000D3120E /* InteractiveAnimationDemo.app */ = {isa = PBXFileReference; explicitFileType = wrapper.application; includeInIndex = 0; path = InteractiveAnimationDemo.app; sourceTree = BUILT_PRODUCTS_DIR; };
		E207FBE11CB25B6000D3120E /* AppDelegate.swift */ = {isa = PBXFileReference; lastKnownFileType = sourcecode.swift; path = AppDelegate.swift; sourceTree = "<group>"; };
		E207FBE31CB25B6000D3120E /* FirstViewController.swift */ = {isa = PBXFileReference; lastKnownFileType = sourcecode.swift; path = FirstViewController.swift; sourceTree = "<group>"; };
		E207FBE61CB25B6000D3120E /* Base */ = {isa = PBXFileReference; lastKnownFileType = file.storyboard; name = Base; path = Base.lproj/Main.storyboard; sourceTree = "<group>"; };
		E207FBE81CB25B6000D3120E /* Assets.xcassets */ = {isa = PBXFileReference; lastKnownFileType = folder.assetcatalog; path = Assets.xcassets; sourceTree = "<group>"; };
		E207FBEB1CB25B6000D3120E /* Base */ = {isa = PBXFileReference; lastKnownFileType = file.storyboard; name = Base; path = Base.lproj/LaunchScreen.storyboard; sourceTree = "<group>"; };
		E207FBED1CB25B6000D3120E /* Info.plist */ = {isa = PBXFileReference; lastKnownFileType = text.plist.xml; path = Info.plist; sourceTree = "<group>"; };
		E207FBF31CB25B8F00D3120E /* SecondViewController.swift */ = {isa = PBXFileReference; fileEncoding = 4; lastKnownFileType = sourcecode.swift; path = SecondViewController.swift; sourceTree = "<group>"; };
/* End PBXFileReference section */

/* Begin PBXFrameworksBuildPhase section */
		E207FBDB1CB25B6000D3120E /* Frameworks */ = {
			isa = PBXFrameworksBuildPhase;
			buildActionMask = 2147483647;
			files = (
			);
			runOnlyForDeploymentPostprocessing = 0;
		};
/* End PBXFrameworksBuildPhase section */

/* Begin PBXGroup section */
		E207FBD51CB25B6000D3120E = {
			isa = PBXGroup;
			children = (
				E207FBE01CB25B6000D3120E /* InteractiveAnimationDemo */,
				E207FBDF1CB25B6000D3120E /* Products */,
			);
			sourceTree = "<group>";
		};
		E207FBDF1CB25B6000D3120E /* Products */ = {
			isa = PBXGroup;
			children = (
				E207FBDE1CB25B6000D3120E /* InteractiveAnimationDemo.app */,
			);
			name = Products;
			sourceTree = "<group>";
		};
		E207FBE01CB25B6000D3120E /* InteractiveAnimationDemo */ = {
			isa = PBXGroup;
			children = (
				E207FBE11CB25B6000D3120E /* AppDelegate.swift */,
				E207FBE31CB25B6000D3120E /* FirstViewController.swift */,
				E207FBE51CB25B6000D3120E /* Main.storyboard */,
				E207FBF31CB25B8F00D3120E /* SecondViewController.swift */,
				E207FBE81CB25B6000D3120E /* Assets.xcassets */,
				E207FBEA1CB25B6000D3120E /* LaunchScreen.storyboard */,
				E207FBED1CB25B6000D3120E /* Info.plist */,
			);
			name = InteractiveAnimationDemo;
			path = ViewTrans1;
			sourceTree = "<group>";
		};
/* End PBXGroup section */

/* Begin PBXNativeTarget section */
		E207FBDD1CB25B6000D3120E /* InteractiveAnimationDemo */ = {
			isa = PBXNativeTarget;
			buildConfigurationList = E207FBF01CB25B6000D3120E /* Build configuration list for PBXNativeTarget "InteractiveAnimationDemo" */;
			buildPhases = (
				E207FBDA1CB25B6000D3120E /* Sources */,
				E207FBDB1CB25B6000D3120E /* Frameworks */,
				E207FBDC1CB25B6000D3120E /* Resources */,
			);
			buildRules = (
			);
			dependencies = (
			);
			name = InteractiveAnimationDemo;
			productName = ViewTrans1;
			productReference = E207FBDE1CB25B6000D3120E /* InteractiveAnimationDemo.app */;
			productType = "com.apple.product-type.application";
		};
/* End PBXNativeTarget section */

/* Begin PBXProject section */
		E207FBD61CB25B6000D3120E /* Project object */ = {
			isa = PBXProject;
			attributes = {
				LastSwiftUpdateCheck = 0730;
				LastUpgradeCheck = 0730;
				ORGANIZATIONNAME = coderschool.vn;
				TargetAttributes = {
					E207FBDD1CB25B6000D3120E = {
						CreatedOnToolsVersion = 7.3;
					};
				};
			};
			buildConfigurationList = E207FBD91CB25B6000D3120E /* Build configuration list for PBXProject "InteractiveAnimationDemo" */;
			compatibilityVersion = "Xcode 3.2";
			developmentRegion = English;
			hasScannedForEncodings = 0;
			knownRegions = (
				en,
				Base,
			);
			mainGroup = E207FBD51CB25B6000D3120E;
			productRefGroup = E207FBDF1CB25B6000D3120E /* Products */;
			projectDirPath = "";
			projectRoot = "";
			targets = (
				E207FBDD1CB25B6000D3120E /* InteractiveAnimationDemo */,
			);
		};
/* End PBXProject section */

/* Begin PBXResourcesBuildPhase section */
		E207FBDC1CB25B6000D3120E /* Resources */ = {
			isa = PBXResourcesBuildPhase;
			buildActionMask = 2147483647;
			files = (
				E207FBEC1CB25B6000D3120E /* LaunchScreen.storyboard in Resources */,
				E207FBE91CB25B6000D3120E /* Assets.xcassets in Resources */,
				E207FBE71CB25B6000D3120E /* Main.storyboard in Resources */,
			);
			runOnlyForDeploymentPostprocessing = 0;
		};
/* End PBXResourcesBuildPhase section */

/* Begin PBXSourcesBuildPhase section */
		E207FBDA1CB25B6000D3120E /* Sources */ = {
			isa = PBXSourcesBuildPhase;
			buildActionMask = 2147483647;
			files = (
				E207FBF41CB25B8F00D3120E /* SecondViewController.swift in Sources */,
				E207FBE41CB25B6000D3120E /* FirstViewController.swift in Sources */,
				E207FBE21CB25B6000D3120E /* AppDelegate.swift in Sources */,
			);
			runOnlyForDeploymentPostprocessing = 0;
		};
/* End PBXSourcesBuildPhase section */

/* Begin PBXVariantGroup section */
		E207FBE51CB25B6000D3120E /* Main.storyboard */ = {
			isa = PBXVariantGroup;
			children = (
				E207FBE61CB25B6000D3120E /* Base */,
			);
			name = Main.storyboard;
			sourceTree = "<group>";
		};
		E207FBEA1CB25B6000D3120E /* LaunchScreen.storyboard */ = {
			isa = PBXVariantGroup;
			children = (
				E207FBEB1CB25B6000D3120E /* Base */,
			);
			name = LaunchScreen.storyboard;
			sourceTree = "<group>";
		};
/* End PBXVariantGroup section */

/* Begin XCBuildConfiguration section */
		E207FBEE1CB25B6000D3120E /* Debug */ = {
			isa = XCBuildConfiguration;
			buildSettings = {
				ALWAYS_SEARCH_USER_PATHS = NO;
				CLANG_ANALYZER_NONNULL = YES;
				CLANG_CXX_LANGUAGE_STANDARD = "gnu++0x";
				CLANG_CXX_LIBRARY = "libc++";
				CLANG_ENABLE_MODULES = YES;
				CLANG_ENABLE_OBJC_ARC = YES;
				CLANG_WARN_BOOL_CONVERSION = YES;
				CLANG_WARN_CONSTANT_CONVERSION = YES;
				CLANG_WARN_DIRECT_OBJC_ISA_USAGE = YES_ERROR;
				CLANG_WARN_EMPTY_BODY = YES;
				CLANG_WARN_ENUM_CONVERSION = YES;
				CLANG_WARN_INT_CONVERSION = YES;
				CLANG_WARN_OBJC_ROOT_CLASS = YES_ERROR;
				CLANG_WARN_UNREACHABLE_CODE = YES;
				CLANG_WARN__DUPLICATE_METHOD_MATCH = YES;
				"CODE_SIGN_IDENTITY[sdk=iphoneos*]" = "iPhone Developer";
				COPY_PHASE_STRIP = NO;
				DEBUG_INFORMATION_FORMAT = dwarf;
				ENABLE_STRICT_OBJC_MSGSEND = YES;
				ENABLE_TESTABILITY = YES;
				GCC_C_LANGUAGE_STANDARD = gnu99;
				GCC_DYNAMIC_NO_PIC = NO;
				GCC_NO_COMMON_BLOCKS = YES;
				GCC_OPTIMIZATION_LEVEL = 0;
				GCC_PREPROCESSOR_DEFINITIONS = (
					"DEBUG=1",
					"$(inherited)",
				);
				GCC_WARN_64_TO_32_BIT_CONVERSION = YES;
				GCC_WARN_ABOUT_RETURN_TYPE = YES_ERROR;
				GCC_WARN_UNDECLARED_SELECTOR = YES;
				GCC_WARN_UNINITIALIZED_AUTOS = YES_AGGRESSIVE;
				GCC_WARN_UNUSED_FUNCTION = YES;
				GCC_WARN_UNUSED_VARIABLE = YES;
				IPHONEOS_DEPLOYMENT_TARGET = 9.3;
				MTL_ENABLE_DEBUG_INFO = YES;
				ONLY_ACTIVE_ARCH = YES;
				SDKROOT = iphoneos;
				SWIFT_OPTIMIZATION_LEVEL = "-Onone";
			};
			name = Debug;
		};
		E207FBEF1CB25B6000D3120E /* Release */ = {
			isa = XCBuildConfiguration;
			buildSettings = {
				ALWAYS_SEARCH_USER_PATHS = NO;
				CLANG_ANALYZER_NONNULL = YES;
				CLANG_CXX_LANGUAGE_STANDARD = "gnu++0x";
				CLANG_CXX_LIBRARY = "libc++";
				CLANG_ENABLE_MODULES = YES;
				CLANG_ENABLE_OBJC_ARC = YES;
				CLANG_WARN_BOOL_CONVERSION = YES;
				CLANG_WARN_CONSTANT_CONVERSION = YES;
				CLANG_WARN_DIRECT_OBJC_ISA_USAGE = YES_ERROR;
				CLANG_WARN_EMPTY_BODY = YES;
				CLANG_WARN_ENUM_CONVERSION = YES;
				CLANG_WARN_INT_CONVERSION = YES;
				CLANG_WARN_OBJC_ROOT_CLASS = YES_ERROR;
				CLANG_WARN_UNREACHABLE_CODE = YES;
				CLANG_WARN__DUPLICATE_METHOD_MATCH = YES;
				"CODE_SIGN_IDENTITY[sdk=iphoneos*]" = "iPhone Developer";
				COPY_PHASE_STRIP = NO;
				DEBUG_INFORMATION_FORMAT = "dwarf-with-dsym";
				ENABLE_NS_ASSERTIONS = NO;
				ENABLE_STRICT_OBJC_MSGSEND = YES;
				GCC_C_LANGUAGE_STANDARD = gnu99;
				GCC_NO_COMMON_BLOCKS = YES;
				GCC_WARN_64_TO_32_BIT_CONVERSION = YES;
				GCC_WARN_ABOUT_RETURN_TYPE = YES_ERROR;
				GCC_WARN_UNDECLARED_SELECTOR = YES;
				GCC_WARN_UNINITIALIZED_AUTOS = YES_AGGRESSIVE;
				GCC_WARN_UNUSED_FUNCTION = YES;
				GCC_WARN_UNUSED_VARIABLE = YES;
				IPHONEOS_DEPLOYMENT_TARGET = 9.3;
				MTL_ENABLE_DEBUG_INFO = NO;
				SDKROOT = iphoneos;
				VALIDATE_PRODUCT = YES;
			};
			name = Release;
		};
		E207FBF11CB25B6000D3120E /* Debug */ = {
			isa = XCBuildConfiguration;
			buildSettings = {
				ASSETCATALOG_COMPILER_APPICON_NAME = AppIcon;
				INFOPLIST_FILE = ViewTrans1/Info.plist;
				LD_RUNPATH_SEARCH_PATHS = "$(inherited) @executable_path/Frameworks";
				PRODUCT_BUNDLE_IDENTIFIER = vn.coderschool.ViewTrans1;
				PRODUCT_NAME = InteractiveAnimationDemo;
			};
			name = Debug;
		};
		E207FBF21CB25B6000D3120E /* Release */ = {
			isa = XCBuildConfiguration;
			buildSettings = {
				ASSETCATALOG_COMPILER_APPICON_NAME = AppIcon;
				INFOPLIST_FILE = ViewTrans1/Info.plist;
				LD_RUNPATH_SEARCH_PATHS = "$(inherited) @executable_path/Frameworks";
				PRODUCT_BUNDLE_IDENTIFIER = vn.coderschool.ViewTrans1;
				PRODUCT_NAME = InteractiveAnimationDemo;
			};
			name = Release;
		};
/* End XCBuildConfiguration section */

/* Begin XCConfigurationList section */
		E207FBD91CB25B6000D3120E /* Build configuration list for PBXProject "InteractiveAnimationDemo" */ = {
			isa = XCConfigurationList;
			buildConfigurations = (
				E207FBEE1CB25B6000D3120E /* Debug */,
				E207FBEF1CB25B6000D3120E /* Release */,
			);
			defaultConfigurationIsVisible = 0;
			defaultConfigurationName = Release;
		};
		E207FBF01CB25B6000D3120E /* Build configuration list for PBXNativeTarget "InteractiveAnimationDemo" */ = {
			isa = XCConfigurationList;
			buildConfigurations = (
				E207FBF11CB25B6000D3120E /* Debug */,
				E207FBF21CB25B6000D3120E /* Release */,
			);
			defaultConfigurationIsVisible = 0;
			defaultConfigurationName = Release;
		};
/* End XCConfigurationList section */
	};
	rootObject = E207FBD61CB25B6000D3120E /* Project object */;
}
